
Microsoft Visual Studio Solution File, Format Version 12.00
# Visual Studio Version 17
VisualStudioVersion = 17.0.31903.59
MinimumVisualStudioVersion = 10.0.40219.1
Project("{9A19103F-16F7-4668-BE54-9A1E7A4F7556}") = "YouLead.Api", "apps\you-lead-api\YouLead.Api.csproj", "{AE913E70-D41B-4C51-B64A-B64FE3D44004}"
EndProject
Project("{9A19103F-16F7-4668-BE54-9A1E7A4F7556}") = "YouLead.Core", "libs\you-lead-core\YouLead.Core.csproj", "{B09BEB1A-0E9E-4B27-A43A-DBE5A61D8426}"
EndProject
Project("{9A19103F-16F7-4668-BE54-9A1E7A4F7556}") = "YouLead.Infrastructure", "libs\you-lead-infrastructure\YouLead.Infrastructure.csproj", "{6745BEC9-69B1-400A-9DFD-469004E8F08F}"
EndProject
Global
	GlobalSection(SolutionConfigurationPlatforms) = preSolution
		Debug|Any CPU = Debug|Any CPU
		Release|Any CPU = Release|Any CPU
	EndGlobalSection
	GlobalSection(ProjectConfigurationPlatforms) = postSolution
		{AE913E70-D41B-4C51-B64A-B64FE3D44004}.Debug|Any CPU.ActiveCfg = Debug|Any CPU
		{AE913E70-D41B-4C51-B64A-B64FE3D44004}.Debug|Any CPU.Build.0 = Debug|Any CPU
		{AE913E70-D41B-4C51-B64A-B64FE3D44004}.Release|Any CPU.ActiveCfg = Release|Any CPU
		{AE913E70-D41B-4C51-B64A-B64FE3D44004}.Release|Any CPU.Build.0 = Release|Any CPU
		{B09BEB1A-0E9E-4B27-A43A-DBE5A61D8426}.Debug|Any CPU.ActiveCfg = Debug|Any CPU
		{B09BEB1A-0E9E-4B27-A43A-DBE5A61D8426}.Debug|Any CPU.Build.0 = Debug|Any CPU
		{B09BEB1A-0E9E-4B27-A43A-DBE5A61D8426}.Release|Any CPU.ActiveCfg = Release|Any CPU
		{B09BEB1A-0E9E-4B27-A43A-DBE5A61D8426}.Release|Any CPU.Build.0 = Release|Any CPU
		{6745BEC9-69B1-400A-9DFD-469004E8F08F}.Debug|Any CPU.ActiveCfg = Debug|Any CPU
		{6745BEC9-69B1-400A-9DFD-469004E8F08F}.Debug|Any CPU.Build.0 = Debug|Any CPU
		{6745BEC9-69B1-400A-9DFD-469004E8F08F}.Release|Any CPU.ActiveCfg = Release|Any CPU
		{6745BEC9-69B1-400A-9DFD-469004E8F08F}.Release|Any CPU.Build.0 = Release|Any CPU
	EndGlobalSection
	GlobalSection(SolutionProperties) = preSolution
		HideSolutionNode = FALSE
	EndGlobalSection
	GlobalSection(ExtensibilityGlobals) = postSolution
		SolutionGuid = {C43CD4C1-1970-45FE-B0C5-F4FC1D8E568D}
	EndGlobalSection
EndGlobal
